// !$*UTF8*$!
{
	archiveVersion = 1;
	classes = {
	};
	objectVersion = 50;
	objects = {

/* Begin PBXBuildFile section */
		93FD82E82413E76300E823A2 /* AppDelegate.m in Sources */ = {isa = PBXBuildFile; fileRef = 93FD82E72413E76300E823A2 /* AppDelegate.m */; };
		93FD82EB2413E76300E823A2 /* ViewController.m in Sources */ = {isa = PBXBuildFile; fileRef = 93FD82EA2413E76300E823A2 /* ViewController.m */; };
		93FD82EE2413E76300E823A2 /* Main.storyboard in Resources */ = {isa = PBXBuildFile; fileRef = 93FD82EC2413E76300E823A2 /* Main.storyboard */; };
		93FD82F02413E76500E823A2 /* Assets.xcassets in Resources */ = {isa = PBXBuildFile; fileRef = 93FD82EF2413E76500E823A2 /* Assets.xcassets */; };
		93FD82F32413E76500E823A2 /* LaunchScreen.storyboard in Resources */ = {isa = PBXBuildFile; fileRef = 93FD82F12413E76500E823A2 /* LaunchScreen.storyboard */; };
		93FD82F62413E76500E823A2 /* main.m in Sources */ = {isa = PBXBuildFile; fileRef = 93FD82F52413E76500E823A2 /* main.m */; };
		93FD83072413E7B700E823A2 /* List.m in Sources */ = {isa = PBXBuildFile; fileRef = 93FD82FD2413E7B700E823A2 /* List.m */; };
		93FD83082413E7B700E823A2 /* Queue.m in Sources */ = {isa = PBXBuildFile; fileRef = 93FD83002413E7B700E823A2 /* Queue.m */; };
		93FD83092413E7B700E823A2 /* AbstractList.m in Sources */ = {isa = PBXBuildFile; fileRef = 93FD83012413E7B700E823A2 /* AbstractList.m */; };
		93FD830A2413E7B700E823A2 /* LinkNode.m in Sources */ = {isa = PBXBuildFile; fileRef = 93FD83032413E7B700E823A2 /* LinkNode.m */; };
		93FD830B2413E7B700E823A2 /* LinkedList.m in Sources */ = {isa = PBXBuildFile; fileRef = 93FD83062413E7B700E823A2 /* LinkedList.m */; };
		93FD83292413E7C500E823A2 /* RBNode.m in Sources */ = {isa = PBXBuildFile; fileRef = 93FD830D2413E7C400E823A2 /* RBNode.m */; };
		93FD832A2413E7C500E823A2 /* RBTree.m in Sources */ = {isa = PBXBuildFile; fileRef = 93FD830E2413E7C400E823A2 /* RBTree.m */; };
		93FD832B2413E7C500E823A2 /* BBST.m in Sources */ = {isa = PBXBuildFile; fileRef = 93FD830F2413E7C400E823A2 /* BBST.m */; };
		93FD832C2413E7C500E823A2 /* BST.m in Sources */ = {isa = PBXBuildFile; fileRef = 93FD83102413E7C400E823A2 /* BST.m */; };
		93FD832D2413E7C500E823A2 /* BinarySearchTree.m in Sources */ = {isa = PBXBuildFile; fileRef = 93FD83112413E7C400E823A2 /* BinarySearchTree.m */; };
		93FD832E2413E7C500E823A2 /* TreeNode.m in Sources */ = {isa = PBXBuildFile; fileRef = 93FD83122413E7C400E823A2 /* TreeNode.m */; };
		93FD832F2413E7C500E823A2 /* AVLTree.m in Sources */ = {isa = PBXBuildFile; fileRef = 93FD83132413E7C400E823A2 /* AVLTree.m */; };
		93FD83302413E7C500E823A2 /* AVLNode.m in Sources */ = {isa = PBXBuildFile; fileRef = 93FD83142413E7C400E823A2 /* AVLNode.m */; };
		93FD83312413E7C500E823A2 /* Person.m in Sources */ = {isa = PBXBuildFile; fileRef = 93FD831F2413E7C400E823A2 /* Person.m */; };
		93FD83322413E7C500E823A2 /* Map.m in Sources */ = {isa = PBXBuildFile; fileRef = 93FD83252413E7C500E823A2 /* Map.m */; };
		93FD83332413E7C500E823A2 /* TreeMap.m in Sources */ = {isa = PBXBuildFile; fileRef = 93FD83262413E7C500E823A2 /* TreeMap.m */; };
		93FD83342413E7C500E823A2 /* HashMap.m in Sources */ = {isa = PBXBuildFile; fileRef = 93FD83272413E7C500E823A2 /* HashMap.m */; };
		93FD83352413E7C500E823A2 /* Node.m in Sources */ = {isa = PBXBuildFile; fileRef = 93FD83282413E7C500E823A2 /* Node.m */; };
		93FD83392413E81F00E823A2 /* Heap.m in Sources */ = {isa = PBXBuildFile; fileRef = 93FD83382413E81F00E823A2 /* Heap.m */; };
		93FD833C2413F70800E823A2 /* AbstractHeap.m in Sources */ = {isa = PBXBuildFile; fileRef = 93FD833B2413F70800E823A2 /* AbstractHeap.m */; };
		93FD833F2413F72900E823A2 /* BinaryHeap.m in Sources */ = {isa = PBXBuildFile; fileRef = 93FD833E2413F72900E823A2 /* BinaryHeap.m */; };
/* End PBXBuildFile section */

/* Begin PBXFileReference section */
		93FD82E32413E76300E823A2 /* 16_Heap.app */ = {isa = PBXFileReference; explicitFileType = wrapper.application; includeInIndex = 0; path = 16_Heap.app; sourceTree = BUILT_PRODUCTS_DIR; };
		93FD82E62413E76300E823A2 /* AppDelegate.h */ = {isa = PBXFileReference; lastKnownFileType = sourcecode.c.h; path = AppDelegate.h; sourceTree = "<group>"; };
		93FD82E72413E76300E823A2 /* AppDelegate.m */ = {isa = PBXFileReference; lastKnownFileType = sourcecode.c.objc; path = AppDelegate.m; sourceTree = "<group>"; };
		93FD82E92413E76300E823A2 /* ViewController.h */ = {isa = PBXFileReference; lastKnownFileType = sourcecode.c.h; path = ViewController.h; sourceTree = "<group>"; };
		93FD82EA2413E76300E823A2 /* ViewController.m */ = {isa = PBXFileReference; lastKnownFileType = sourcecode.c.objc; path = ViewController.m; sourceTree = "<group>"; };
		93FD82ED2413E76300E823A2 /* Base */ = {isa = PBXFileReference; lastKnownFileType = file.storyboard; name = Base; path = Base.lproj/Main.storyboard; sourceTree = "<group>"; };
		93FD82EF2413E76500E823A2 /* Assets.xcassets */ = {isa = PBXFileReference; lastKnownFileType = folder.assetcatalog; path = Assets.xcassets; sourceTree = "<group>"; };
		93FD82F22413E76500E823A2 /* Base */ = {isa = PBXFileReference; lastKnownFileType = file.storyboard; name = Base; path = Base.lproj/LaunchScreen.storyboard; sourceTree = "<group>"; };
		93FD82F42413E76500E823A2 /* Info.plist */ = {isa = PBXFileReference; lastKnownFileType = text.plist.xml; path = Info.plist; sourceTree = "<group>"; };
		93FD82F52413E76500E823A2 /* main.m */ = {isa = PBXFileReference; lastKnownFileType = sourcecode.c.objc; path = main.m; sourceTree = "<group>"; };
		93FD82FD2413E7B700E823A2 /* List.m */ = {isa = PBXFileReference; fileEncoding = 4; lastKnownFileType = sourcecode.c.objc; path = List.m; sourceTree = "<group>"; };
		93FD82FE2413E7B700E823A2 /* LinkNode.h */ = {isa = PBXFileReference; fileEncoding = 4; lastKnownFileType = sourcecode.c.h; path = LinkNode.h; sourceTree = "<group>"; };
		93FD82FF2413E7B700E823A2 /* LinkedList.h */ = {isa = PBXFileReference; fileEncoding = 4; lastKnownFileType = sourcecode.c.h; path = LinkedList.h; sourceTree = "<group>"; };
		93FD83002413E7B700E823A2 /* Queue.m */ = {isa = PBXFileReference; fileEncoding = 4; lastKnownFileType = sourcecode.c.objc; path = Queue.m; sourceTree = "<group>"; };
		93FD83012413E7B700E823A2 /* AbstractList.m */ = {isa = PBXFileReference; fileEncoding = 4; lastKnownFileType = sourcecode.c.objc; path = AbstractList.m; sourceTree = "<group>"; };
		93FD83022413E7B700E823A2 /* List.h */ = {isa = PBXFileReference; fileEncoding = 4; lastKnownFileType = sourcecode.c.h; path = List.h; sourceTree = "<group>"; };
		93FD83032413E7B700E823A2 /* LinkNode.m */ = {isa = PBXFileReference; fileEncoding = 4; lastKnownFileType = sourcecode.c.objc; path = LinkNode.m; sourceTree = "<group>"; };
		93FD83042413E7B700E823A2 /* AbstractList.h */ = {isa = PBXFileReference; fileEncoding = 4; lastKnownFileType = sourcecode.c.h; path = AbstractList.h; sourceTree = "<group>"; };
		93FD83052413E7B700E823A2 /* Queue.h */ = {isa = PBXFileReference; fileEncoding = 4; lastKnownFileType = sourcecode.c.h; path = Queue.h; sourceTree = "<group>"; };
		93FD83062413E7B700E823A2 /* LinkedList.m */ = {isa = PBXFileReference; fileEncoding = 4; lastKnownFileType = sourcecode.c.objc; path = LinkedList.m; sourceTree = "<group>"; };
		93FD830D2413E7C400E823A2 /* RBNode.m */ = {isa = PBXFileReference; fileEncoding = 4; lastKnownFileType = sourcecode.c.objc; path = RBNode.m; sourceTree = "<group>"; };
		93FD830E2413E7C400E823A2 /* RBTree.m */ = {isa = PBXFileReference; fileEncoding = 4; lastKnownFileType = sourcecode.c.objc; path = RBTree.m; sourceTree = "<group>"; };
		93FD830F2413E7C400E823A2 /* BBST.m */ = {isa = PBXFileReference; fileEncoding = 4; lastKnownFileType = sourcecode.c.objc; path = BBST.m; sourceTree = "<group>"; };
		93FD83102413E7C400E823A2 /* BST.m */ = {isa = PBXFileReference; fileEncoding = 4; lastKnownFileType = sourcecode.c.objc; path = BST.m; sourceTree = "<group>"; };
		93FD83112413E7C400E823A2 /* BinarySearchTree.m */ = {isa = PBXFileReference; fileEncoding = 4; lastKnownFileType = sourcecode.c.objc; path = BinarySearchTree.m; sourceTree = "<group>"; };
		93FD83122413E7C400E823A2 /* TreeNode.m */ = {isa = PBXFileReference; fileEncoding = 4; lastKnownFileType = sourcecode.c.objc; path = TreeNode.m; sourceTree = "<group>"; };
		93FD83132413E7C400E823A2 /* AVLTree.m */ = {isa = PBXFileReference; fileEncoding = 4; lastKnownFileType = sourcecode.c.objc; path = AVLTree.m; sourceTree = "<group>"; };
		93FD83142413E7C400E823A2 /* AVLNode.m */ = {isa = PBXFileReference; fileEncoding = 4; lastKnownFileType = sourcecode.c.objc; path = AVLNode.m; sourceTree = "<group>"; };
		93FD83152413E7C400E823A2 /* BST.h */ = {isa = PBXFileReference; fileEncoding = 4; lastKnownFileType = sourcecode.c.h; path = BST.h; sourceTree = "<group>"; };
		93FD83162413E7C400E823A2 /* BBST.h */ = {isa = PBXFileReference; fileEncoding = 4; lastKnownFileType = sourcecode.c.h; path = BBST.h; sourceTree = "<group>"; };
		93FD83172413E7C400E823A2 /* RBTree.h */ = {isa = PBXFileReference; fileEncoding = 4; lastKnownFileType = sourcecode.c.h; path = RBTree.h; sourceTree = "<group>"; };
		93FD83182413E7C400E823A2 /* RBNode.h */ = {isa = PBXFileReference; fileEncoding = 4; lastKnownFileType = sourcecode.c.h; path = RBNode.h; sourceTree = "<group>"; };
		93FD83192413E7C400E823A2 /* TreeNode.h */ = {isa = PBXFileReference; fileEncoding = 4; lastKnownFileType = sourcecode.c.h; path = TreeNode.h; sourceTree = "<group>"; };
		93FD831A2413E7C400E823A2 /* BinarySearchTree.h */ = {isa = PBXFileReference; fileEncoding = 4; lastKnownFileType = sourcecode.c.h; path = BinarySearchTree.h; sourceTree = "<group>"; };
		93FD831B2413E7C400E823A2 /* AVLNode.h */ = {isa = PBXFileReference; fileEncoding = 4; lastKnownFileType = sourcecode.c.h; path = AVLNode.h; sourceTree = "<group>"; };
		93FD831C2413E7C400E823A2 /* AVLTree.h */ = {isa = PBXFileReference; fileEncoding = 4; lastKnownFileType = sourcecode.c.h; path = AVLTree.h; sourceTree = "<group>"; };
		93FD831E2413E7C400E823A2 /* Person.h */ = {isa = PBXFileReference; fileEncoding = 4; lastKnownFileType = sourcecode.c.h; path = Person.h; sourceTree = "<group>"; };
		93FD831F2413E7C400E823A2 /* Person.m */ = {isa = PBXFileReference; fileEncoding = 4; lastKnownFileType = sourcecode.c.objc; path = Person.m; sourceTree = "<group>"; };
		93FD83212413E7C500E823A2 /* Map.h */ = {isa = PBXFileReference; fileEncoding = 4; lastKnownFileType = sourcecode.c.h; path = Map.h; sourceTree = "<group>"; };
		93FD83222413E7C500E823A2 /* TreeMap.h */ = {isa = PBXFileReference; fileEncoding = 4; lastKnownFileType = sourcecode.c.h; path = TreeMap.h; sourceTree = "<group>"; };
		93FD83232413E7C500E823A2 /* Node.h */ = {isa = PBXFileReference; fileEncoding = 4; lastKnownFileType = sourcecode.c.h; path = Node.h; sourceTree = "<group>"; };
		93FD83242413E7C500E823A2 /* HashMap.h */ = {isa = PBXFileReference; fileEncoding = 4; lastKnownFileType = sourcecode.c.h; path = HashMap.h; sourceTree = "<group>"; };
		93FD83252413E7C500E823A2 /* Map.m */ = {isa = PBXFileReference; fileEncoding = 4; lastKnownFileType = sourcecode.c.objc; path = Map.m; sourceTree = "<group>"; };
		93FD83262413E7C500E823A2 /* TreeMap.m */ = {isa = PBXFileReference; fileEncoding = 4; lastKnownFileType = sourcecode.c.objc; path = TreeMap.m; sourceTree = "<group>"; };
		93FD83272413E7C500E823A2 /* HashMap.m */ = {isa = PBXFileReference; fileEncoding = 4; lastKnownFileType = sourcecode.c.objc; path = HashMap.m; sourceTree = "<group>"; };
		93FD83282413E7C500E823A2 /* Node.m */ = {isa = PBXFileReference; fileEncoding = 4; lastKnownFileType = sourcecode.c.objc; path = Node.m; sourceTree = "<group>"; };
		93FD83372413E81F00E823A2 /* Heap.h */ = {isa = PBXFileReference; lastKnownFileType = sourcecode.c.h; path = Heap.h; sourceTree = "<group>"; };
		93FD83382413E81F00E823A2 /* Heap.m */ = {isa = PBXFileReference; lastKnownFileType = sourcecode.c.objc; path = Heap.m; sourceTree = "<group>"; };
		93FD833A2413F70800E823A2 /* AbstractHeap.h */ = {isa = PBXFileReference; lastKnownFileType = sourcecode.c.h; path = AbstractHeap.h; sourceTree = "<group>"; };
		93FD833B2413F70800E823A2 /* AbstractHeap.m */ = {isa = PBXFileReference; lastKnownFileType = sourcecode.c.objc; path = AbstractHeap.m; sourceTree = "<group>"; };
		93FD833D2413F72900E823A2 /* BinaryHeap.h */ = {isa = PBXFileReference; lastKnownFileType = sourcecode.c.h; path = BinaryHeap.h; sourceTree = "<group>"; };
		93FD833E2413F72900E823A2 /* BinaryHeap.m */ = {isa = PBXFileReference; lastKnownFileType = sourcecode.c.objc; path = BinaryHeap.m; sourceTree = "<group>"; };
/* End PBXFileReference section */

/* Begin PBXFrameworksBuildPhase section */
		93FD82E02413E76300E823A2 /* Frameworks */ = {
			isa = PBXFrameworksBuildPhase;
			buildActionMask = 2147483647;
			files = (
			);
			runOnlyForDeploymentPostprocessing = 0;
		};
/* End PBXFrameworksBuildPhase section */

/* Begin PBXGroup section */
		93FD82DA2413E76300E823A2 = {
			isa = PBXGroup;
			children = (
				93FD82E52413E76300E823A2 /* 16_Heap */,
				93FD82E42413E76300E823A2 /* Products */,
			);
			sourceTree = "<group>";
		};
		93FD82E42413E76300E823A2 /* Products */ = {
			isa = PBXGroup;
			children = (
				93FD82E32413E76300E823A2 /* 16_Heap.app */,
			);
			name = Products;
			sourceTree = "<group>";
		};
		93FD82E52413E76300E823A2 /* 16_Heap */ = {
			isa = PBXGroup;
			children = (
				93FD83202413E7C500E823A2 /* Map */,
				93FD831D2413E7C400E823A2 /* Model */,
				93FD830C2413E7C400E823A2 /* Tree */,
				93FD82FC2413E7B700E823A2 /* List */,
				93FD83362413E81600E823A2 /* Heap */,
				93FD82E62413E76300E823A2 /* AppDelegate.h */,
				93FD82E72413E76300E823A2 /* AppDelegate.m */,
				93FD82E92413E76300E823A2 /* ViewController.h */,
				93FD82EA2413E76300E823A2 /* ViewController.m */,
				93FD82EC2413E76300E823A2 /* Main.storyboard */,
				93FD82EF2413E76500E823A2 /* Assets.xcassets */,
				93FD82F12413E76500E823A2 /* LaunchScreen.storyboard */,
				93FD82F42413E76500E823A2 /* Info.plist */,
				93FD82F52413E76500E823A2 /* main.m */,
			);
			path = 16_Heap;
			sourceTree = "<group>";
		};
		93FD82FC2413E7B700E823A2 /* List */ = {
			isa = PBXGroup;
			children = (
				93FD82FD2413E7B700E823A2 /* List.m */,
				93FD82FE2413E7B700E823A2 /* LinkNode.h */,
				93FD82FF2413E7B700E823A2 /* LinkedList.h */,
				93FD83002413E7B700E823A2 /* Queue.m */,
				93FD83012413E7B700E823A2 /* AbstractList.m */,
				93FD83022413E7B700E823A2 /* List.h */,
				93FD83032413E7B700E823A2 /* LinkNode.m */,
				93FD83042413E7B700E823A2 /* AbstractList.h */,
				93FD83052413E7B700E823A2 /* Queue.h */,
				93FD83062413E7B700E823A2 /* LinkedList.m */,
			);
			path = List;
			sourceTree = "<group>";
		};
		93FD830C2413E7C400E823A2 /* Tree */ = {
			isa = PBXGroup;
			children = (
				93FD830D2413E7C400E823A2 /* RBNode.m */,
				93FD830E2413E7C400E823A2 /* RBTree.m */,
				93FD830F2413E7C400E823A2 /* BBST.m */,
				93FD83102413E7C400E823A2 /* BST.m */,
				93FD83112413E7C400E823A2 /* BinarySearchTree.m */,
				93FD83122413E7C400E823A2 /* TreeNode.m */,
				93FD83132413E7C400E823A2 /* AVLTree.m */,
				93FD83142413E7C400E823A2 /* AVLNode.m */,
				93FD83152413E7C400E823A2 /* BST.h */,
				93FD83162413E7C400E823A2 /* BBST.h */,
				93FD83172413E7C400E823A2 /* RBTree.h */,
				93FD83182413E7C400E823A2 /* RBNode.h */,
				93FD83192413E7C400E823A2 /* TreeNode.h */,
				93FD831A2413E7C400E823A2 /* BinarySearchTree.h */,
				93FD831B2413E7C400E823A2 /* AVLNode.h */,
				93FD831C2413E7C400E823A2 /* AVLTree.h */,
			);
			path = Tree;
			sourceTree = "<group>";
		};
		93FD831D2413E7C400E823A2 /* Model */ = {
			isa = PBXGroup;
			children = (
				93FD831E2413E7C400E823A2 /* Person.h */,
				93FD831F2413E7C400E823A2 /* Person.m */,
			);
			path = Model;
			sourceTree = "<group>";
		};
		93FD83202413E7C500E823A2 /* Map */ = {
			isa = PBXGroup;
			children = (
				93FD83212413E7C500E823A2 /* Map.h */,
				93FD83222413E7C500E823A2 /* TreeMap.h */,
				93FD83232413E7C500E823A2 /* Node.h */,
				93FD83242413E7C500E823A2 /* HashMap.h */,
				93FD83252413E7C500E823A2 /* Map.m */,
				93FD83262413E7C500E823A2 /* TreeMap.m */,
				93FD83272413E7C500E823A2 /* HashMap.m */,
				93FD83282413E7C500E823A2 /* Node.m */,
			);
			path = Map;
			sourceTree = "<group>";
		};
		93FD83362413E81600E823A2 /* Heap */ = {
			isa = PBXGroup;
			children = (
				93FD83372413E81F00E823A2 /* Heap.h */,
				93FD83382413E81F00E823A2 /* Heap.m */,
				93FD833A2413F70800E823A2 /* AbstractHeap.h */,
				93FD833B2413F70800E823A2 /* AbstractHeap.m */,
				93FD833D2413F72900E823A2 /* BinaryHeap.h */,
				93FD833E2413F72900E823A2 /* BinaryHeap.m */,
			);
			path = Heap;
			sourceTree = "<group>";
		};
/* End PBXGroup section */

/* Begin PBXNativeTarget section */
		93FD82E22413E76300E823A2 /* 16_Heap */ = {
			isa = PBXNativeTarget;
			buildConfigurationList = 93FD82F92413E76500E823A2 /* Build configuration list for PBXNativeTarget "16_Heap" */;
			buildPhases = (
				93FD82DF2413E76300E823A2 /* Sources */,
				93FD82E02413E76300E823A2 /* Frameworks */,
				93FD82E12413E76300E823A2 /* Resources */,
			);
			buildRules = (
			);
			dependencies = (
			);
			name = 16_Heap;
			productName = 16_Heap;
			productReference = 93FD82E32413E76300E823A2 /* 16_Heap.app */;
			productType = "com.apple.product-type.application";
		};
/* End PBXNativeTarget section */

/* Begin PBXProject section */
		93FD82DB2413E76300E823A2 /* Project object */ = {
			isa = PBXProject;
			attributes = {
				LastUpgradeCheck = 1010;
				ORGANIZATIONNAME = wenwen;
				TargetAttributes = {
					93FD82E22413E76300E823A2 = {
						CreatedOnToolsVersion = 10.1;
					};
				};
			};
			buildConfigurationList = 93FD82DE2413E76300E823A2 /* Build configuration list for PBXProject "16_Heap" */;
			compatibilityVersion = "Xcode 9.3";
			developmentRegion = en;
			hasScannedForEncodings = 0;
			knownRegions = (
				en,
				Base,
			);
			mainGroup = 93FD82DA2413E76300E823A2;
			productRefGroup = 93FD82E42413E76300E823A2 /* Products */;
			projectDirPath = "";
			projectRoot = "";
			targets = (
				93FD82E22413E76300E823A2 /* 16_Heap */,
			);
		};
/* End PBXProject section */

/* Begin PBXResourcesBuildPhase section */
		93FD82E12413E76300E823A2 /* Resources */ = {
			isa = PBXResourcesBuildPhase;
			buildActionMask = 2147483647;
			files = (
				93FD82F32413E76500E823A2 /* LaunchScreen.storyboard in Resources */,
				93FD82F02413E76500E823A2 /* Assets.xcassets in Resources */,
				93FD82EE2413E76300E823A2 /* Main.storyboard in Resources */,
			);
			runOnlyForDeploymentPostprocessing = 0;
		};
/* End PBXResourcesBuildPhase section */

/* Begin PBXSourcesBuildPhase section */
		93FD82DF2413E76300E823A2 /* Sources */ = {
			isa = PBXSourcesBuildPhase;
			buildActionMask = 2147483647;
			files = (
				93FD832B2413E7C500E823A2 /* BBST.m in Sources */,
				93FD83082413E7B700E823A2 /* Queue.m in Sources */,
				93FD83352413E7C500E823A2 /* Node.m in Sources */,
				93FD830A2413E7B700E823A2 /* LinkNode.m in Sources */,
				93FD832F2413E7C500E823A2 /* AVLTree.m in Sources */,
				93FD83312413E7C500E823A2 /* Person.m in Sources */,
				93FD830B2413E7B700E823A2 /* LinkedList.m in Sources */,
				93FD83342413E7C500E823A2 /* HashMap.m in Sources */,
				93FD82EB2413E76300E823A2 /* ViewController.m in Sources */,
				93FD83072413E7B700E823A2 /* List.m in Sources */,
				93FD833F2413F72900E823A2 /* BinaryHeap.m in Sources */,
				93FD832A2413E7C500E823A2 /* RBTree.m in Sources */,
				93FD832E2413E7C500E823A2 /* TreeNode.m in Sources */,
				93FD82F62413E76500E823A2 /* main.m in Sources */,
				93FD83332413E7C500E823A2 /* TreeMap.m in Sources */,
				93FD82E82413E76300E823A2 /* AppDelegate.m in Sources */,
				93FD83322413E7C500E823A2 /* Map.m in Sources */,
				93FD832C2413E7C500E823A2 /* BST.m in Sources */,
				93FD83292413E7C500E823A2 /* RBNode.m in Sources */,
				93FD833C2413F70800E823A2 /* AbstractHeap.m in Sources */,
				93FD83302413E7C500E823A2 /* AVLNode.m in Sources */,
				93FD83392413E81F00E823A2 /* Heap.m in Sources */,
				93FD832D2413E7C500E823A2 /* BinarySearchTree.m in Sources */,
				93FD83092413E7B700E823A2 /* AbstractList.m in Sources */,
			);
			runOnlyForDeploymentPostprocessing = 0;
		};
/* End PBXSourcesBuildPhase section */

/* Begin PBXVariantGroup section */
		93FD82EC2413E76300E823A2 /* Main.storyboard */ = {
			isa = PBXVariantGroup;
			children = (
				93FD82ED2413E76300E823A2 /* Base */,
			);
			name = Main.storyboard;
			sourceTree = "<group>";
		};
		93FD82F12413E76500E823A2 /* LaunchScreen.storyboard */ = {
			isa = PBXVariantGroup;
			children = (
				93FD82F22413E76500E823A2 /* Base */,
			);
			name = LaunchScreen.storyboard;
			sourceTree = "<group>";
		};
/* End PBXVariantGroup section */

/* Begin XCBuildConfiguration section */
		93FD82F72413E76500E823A2 /* Debug */ = {
			isa = XCBuildConfiguration;
			buildSettings = {
				ALWAYS_SEARCH_USER_PATHS = NO;
				CLANG_ANALYZER_NONNULL = YES;
				CLANG_ANALYZER_NUMBER_OBJECT_CONVERSION = YES_AGGRESSIVE;
				CLANG_CXX_LANGUAGE_STANDARD = "gnu++14";
				CLANG_CXX_LIBRARY = "libc++";
				CLANG_ENABLE_MODULES = YES;
				CLANG_ENABLE_OBJC_ARC = YES;
				CLANG_ENABLE_OBJC_WEAK = YES;
				CLANG_WARN_BLOCK_CAPTURE_AUTORELEASING = YES;
				CLANG_WARN_BOOL_CONVERSION = YES;
				CLANG_WARN_COMMA = YES;
				CLANG_WARN_CONSTANT_CONVERSION = YES;
				CLANG_WARN_DEPRECATED_OBJC_IMPLEMENTATIONS = YES;
				CLANG_WARN_DIRECT_OBJC_ISA_USAGE = YES_ERROR;
				CLANG_WARN_DOCUMENTATION_COMMENTS = YES;
				CLANG_WARN_EMPTY_BODY = YES;
				CLANG_WARN_ENUM_CONVERSION = YES;
				CLANG_WARN_INFINITE_RECURSION = YES;
				CLANG_WARN_INT_CONVERSION = YES;
				CLANG_WARN_NON_LITERAL_NULL_CONVERSION = YES;
				CLANG_WARN_OBJC_IMPLICIT_RETAIN_SELF = YES;
				CLANG_WARN_OBJC_LITERAL_CONVERSION = YES;
				CLANG_WARN_OBJC_ROOT_CLASS = YES_ERROR;
				CLANG_WARN_RANGE_LOOP_ANALYSIS = YES;
				CLANG_WARN_STRICT_PROTOTYPES = YES;
				CLANG_WARN_SUSPICIOUS_MOVE = YES;
				CLANG_WARN_UNGUARDED_AVAILABILITY = YES_AGGRESSIVE;
				CLANG_WARN_UNREACHABLE_CODE = YES;
				CLANG_WARN__DUPLICATE_METHOD_MATCH = YES;
				CODE_SIGN_IDENTITY = "iPhone Developer";
				COPY_PHASE_STRIP = NO;
				DEBUG_INFORMATION_FORMAT = dwarf;
				ENABLE_STRICT_OBJC_MSGSEND = YES;
				ENABLE_TESTABILITY = YES;
				GCC_C_LANGUAGE_STANDARD = gnu11;
				GCC_DYNAMIC_NO_PIC = NO;
				GCC_NO_COMMON_BLOCKS = YES;
				GCC_OPTIMIZATION_LEVEL = 0;
				GCC_PREPROCESSOR_DEFINITIONS = (
					"DEBUG=1",
					"$(inherited)",
				);
				GCC_WARN_64_TO_32_BIT_CONVERSION = YES;
				GCC_WARN_ABOUT_RETURN_TYPE = YES_ERROR;
				GCC_WARN_UNDECLARED_SELECTOR = YES;
				GCC_WARN_UNINITIALIZED_AUTOS = YES_AGGRESSIVE;
				GCC_WARN_UNUSED_FUNCTION = YES;
				GCC_WARN_UNUSED_VARIABLE = YES;
				IPHONEOS_DEPLOYMENT_TARGET = 12.1;
				MTL_ENABLE_DEBUG_INFO = INCLUDE_SOURCE;
				MTL_FAST_MATH = YES;
				ONLY_ACTIVE_ARCH = YES;
				SDKROOT = iphoneos;
			};
			name = Debug;
		};
		93FD82F82413E76500E823A2 /* Release */ = {
			isa = XCBuildConfiguration;
			buildSettings = {
				ALWAYS_SEARCH_USER_PATHS = NO;
				CLANG_ANALYZER_NONNULL = YES;
				CLANG_ANALYZER_NUMBER_OBJECT_CONVERSION = YES_AGGRESSIVE;
				CLANG_CXX_LANGUAGE_STANDARD = "gnu++14";
				CLANG_CXX_LIBRARY = "libc++";
				CLANG_ENABLE_MODULES = YES;
				CLANG_ENABLE_OBJC_ARC = YES;
				CLANG_ENABLE_OBJC_WEAK = YES;
				CLANG_WARN_BLOCK_CAPTURE_AUTORELEASING = YES;
				CLANG_WARN_BOOL_CONVERSION = YES;
				CLANG_WARN_COMMA = YES;
				CLANG_WARN_CONSTANT_CONVERSION = YES;
				CLANG_WARN_DEPRECATED_OBJC_IMPLEMENTATIONS = YES;
				CLANG_WARN_DIRECT_OBJC_ISA_USAGE = YES_ERROR;
				CLANG_WARN_DOCUMENTATION_COMMENTS = YES;
				CLANG_WARN_EMPTY_BODY = YES;
				CLANG_WARN_ENUM_CONVERSION = YES;
				CLANG_WARN_INFINITE_RECURSION = YES;
				CLANG_WARN_INT_CONVERSION = YES;
				CLANG_WARN_NON_LITERAL_NULL_CONVERSION = YES;
				CLANG_WARN_OBJC_IMPLICIT_RETAIN_SELF = YES;
				CLANG_WARN_OBJC_LITERAL_CONVERSION = YES;
				CLANG_WARN_OBJC_ROOT_CLASS = YES_ERROR;
				CLANG_WARN_RANGE_LOOP_ANALYSIS = YES;
				CLANG_WARN_STRICT_PROTOTYPES = YES;
				CLANG_WARN_SUSPICIOUS_MOVE = YES;
				CLANG_WARN_UNGUARDED_AVAILABILITY = YES_AGGRESSIVE;
				CLANG_WARN_UNREACHABLE_CODE = YES;
				CLANG_WARN__DUPLICATE_METHOD_MATCH = YES;
				CODE_SIGN_IDENTITY = "iPhone Developer";
				COPY_PHASE_STRIP = NO;
				DEBUG_INFORMATION_FORMAT = "dwarf-with-dsym";
				ENABLE_NS_ASSERTIONS = NO;
				ENABLE_STRICT_OBJC_MSGSEND = YES;
				GCC_C_LANGUAGE_STANDARD = gnu11;
				GCC_NO_COMMON_BLOCKS = YES;
				GCC_WARN_64_TO_32_BIT_CONVERSION = YES;
				GCC_WARN_ABOUT_RETURN_TYPE = YES_ERROR;
				GCC_WARN_UNDECLARED_SELECTOR = YES;
				GCC_WARN_UNINITIALIZED_AUTOS = YES_AGGRESSIVE;
				GCC_WARN_UNUSED_FUNCTION = YES;
				GCC_WARN_UNUSED_VARIABLE = YES;
				IPHONEOS_DEPLOYMENT_TARGET = 12.1;
				MTL_ENABLE_DEBUG_INFO = NO;
				MTL_FAST_MATH = YES;
				SDKROOT = iphoneos;
				VALIDATE_PRODUCT = YES;
			};
			name = Release;
		};
		93FD82FA2413E76500E823A2 /* Debug */ = {
			isa = XCBuildConfiguration;
			buildSettings = {
				ASSETCATALOG_COMPILER_APPICON_NAME = AppIcon;
				CODE_SIGN_STYLE = Automatic;
				INFOPLIST_FILE = 16_Heap/Info.plist;
				LD_RUNPATH_SEARCH_PATHS = (
					"$(inherited)",
					"@executable_path/Frameworks",
				);
				PRODUCT_BUNDLE_IDENTIFIER = "wenwen.-6-Heap";
				PRODUCT_NAME = "$(TARGET_NAME)";
				TARGETED_DEVICE_FAMILY = "1,2";
			};
			name = Debug;
		};
		93FD82FB2413E76500E823A2 /* Release */ = {
			isa = XCBuildConfiguration;
			buildSettings = {
				ASSETCATALOG_COMPILER_APPICON_NAME = AppIcon;
				CODE_SIGN_STYLE = Automatic;
				INFOPLIST_FILE = 16_Heap/Info.plist;
				LD_RUNPATH_SEARCH_PATHS = (
					"$(inherited)",
					"@executable_path/Frameworks",
				);
				PRODUCT_BUNDLE_IDENTIFIER = "wenwen.-6-Heap";
				PRODUCT_NAME = "$(TARGET_NAME)";
				TARGETED_DEVICE_FAMILY = "1,2";
			};
			name = Release;
		};
/* End XCBuildConfiguration section */

/* Begin XCConfigurationList section */
		93FD82DE2413E76300E823A2 /* Build configuration list for PBXProject "16_Heap" */ = {
			isa = XCConfigurationList;
			buildConfigurations = (
				93FD82F72413E76500E823A2 /* Debug */,
				93FD82F82413E76500E823A2 /* Release */,
			);
			defaultConfigurationIsVisible = 0;
			defaultConfigurationName = Release;
		};
		93FD82F92413E76500E823A2 /* Build configuration list for PBXNativeTarget "16_Heap" */ = {
			isa = XCConfigurationList;
			buildConfigurations = (
				93FD82FA2413E76500E823A2 /* Debug */,
				93FD82FB2413E76500E823A2 /* Release */,
			);
			defaultConfigurationIsVisible = 0;
			defaultConfigurationName = Release;
		};
/* End XCConfigurationList section */
	};
	rootObject = 93FD82DB2413E76300E823A2 /* Project object */;
}
