// !$*UTF8*$!
{
	archiveVersion = 1;
	classes = {
	};
	objectVersion = 50;
	objects = {

/* Begin PBXBuildFile section */
		9351F43923CA061E009239C5 /* AppDelegate.m in Sources */ = {isa = PBXBuildFile; fileRef = 9351F43823CA061E009239C5 /* AppDelegate.m */; };
		9351F43C23CA061E009239C5 /* ViewController.m in Sources */ = {isa = PBXBuildFile; fileRef = 9351F43B23CA061E009239C5 /* ViewController.m */; };
		9351F43F23CA061E009239C5 /* Main.storyboard in Resources */ = {isa = PBXBuildFile; fileRef = 9351F43D23CA061E009239C5 /* Main.storyboard */; };
		9351F44123CA061F009239C5 /* Assets.xcassets in Resources */ = {isa = PBXBuildFile; fileRef = 9351F44023CA061F009239C5 /* Assets.xcassets */; };
		9351F44423CA061F009239C5 /* LaunchScreen.storyboard in Resources */ = {isa = PBXBuildFile; fileRef = 9351F44223CA061F009239C5 /* LaunchScreen.storyboard */; };
		9351F44723CA061F009239C5 /* main.m in Sources */ = {isa = PBXBuildFile; fileRef = 9351F44623CA061F009239C5 /* main.m */; };
		93BF2A8B2405666500096672 /* List.m in Sources */ = {isa = PBXBuildFile; fileRef = 93BF2A812405666500096672 /* List.m */; };
		93BF2A8C2405666500096672 /* Queue.m in Sources */ = {isa = PBXBuildFile; fileRef = 93BF2A842405666500096672 /* Queue.m */; };
		93BF2A8D2405666500096672 /* AbstractList.m in Sources */ = {isa = PBXBuildFile; fileRef = 93BF2A852405666500096672 /* AbstractList.m */; };
		93BF2A8E2405666500096672 /* LinkNode.m in Sources */ = {isa = PBXBuildFile; fileRef = 93BF2A872405666500096672 /* LinkNode.m */; };
		93BF2A8F2405666500096672 /* LinkedList.m in Sources */ = {isa = PBXBuildFile; fileRef = 93BF2A8A2405666500096672 /* LinkedList.m */; };
		93BF2AA12405667000096672 /* RBNode.m in Sources */ = {isa = PBXBuildFile; fileRef = 93BF2A912405667000096672 /* RBNode.m */; };
		93BF2AA22405667000096672 /* RBTree.m in Sources */ = {isa = PBXBuildFile; fileRef = 93BF2A922405667000096672 /* RBTree.m */; };
		93BF2AA32405667000096672 /* BBST.m in Sources */ = {isa = PBXBuildFile; fileRef = 93BF2A932405667000096672 /* BBST.m */; };
		93BF2AA42405667000096672 /* BST.m in Sources */ = {isa = PBXBuildFile; fileRef = 93BF2A942405667000096672 /* BST.m */; };
		93BF2AA52405667000096672 /* BinarySearchTree.m in Sources */ = {isa = PBXBuildFile; fileRef = 93BF2A952405667000096672 /* BinarySearchTree.m */; };
		93BF2AA62405667000096672 /* TreeNode.m in Sources */ = {isa = PBXBuildFile; fileRef = 93BF2A962405667000096672 /* TreeNode.m */; };
		93BF2AA72405667000096672 /* AVLTree.m in Sources */ = {isa = PBXBuildFile; fileRef = 93BF2A972405667000096672 /* AVLTree.m */; };
		93BF2AA82405667000096672 /* AVLNode.m in Sources */ = {isa = PBXBuildFile; fileRef = 93BF2A982405667000096672 /* AVLNode.m */; };
/* End PBXBuildFile section */

/* Begin PBXFileReference section */
		9351F43423CA061E009239C5 /* 12_RedBlackTree.app */ = {isa = PBXFileReference; explicitFileType = wrapper.application; includeInIndex = 0; path = 12_RedBlackTree.app; sourceTree = BUILT_PRODUCTS_DIR; };
		9351F43723CA061E009239C5 /* AppDelegate.h */ = {isa = PBXFileReference; lastKnownFileType = sourcecode.c.h; path = AppDelegate.h; sourceTree = "<group>"; };
		9351F43823CA061E009239C5 /* AppDelegate.m */ = {isa = PBXFileReference; lastKnownFileType = sourcecode.c.objc; path = AppDelegate.m; sourceTree = "<group>"; };
		9351F43A23CA061E009239C5 /* ViewController.h */ = {isa = PBXFileReference; lastKnownFileType = sourcecode.c.h; path = ViewController.h; sourceTree = "<group>"; };
		9351F43B23CA061E009239C5 /* ViewController.m */ = {isa = PBXFileReference; lastKnownFileType = sourcecode.c.objc; path = ViewController.m; sourceTree = "<group>"; };
		9351F43E23CA061E009239C5 /* Base */ = {isa = PBXFileReference; lastKnownFileType = file.storyboard; name = Base; path = Base.lproj/Main.storyboard; sourceTree = "<group>"; };
		9351F44023CA061F009239C5 /* Assets.xcassets */ = {isa = PBXFileReference; lastKnownFileType = folder.assetcatalog; path = Assets.xcassets; sourceTree = "<group>"; };
		9351F44323CA061F009239C5 /* Base */ = {isa = PBXFileReference; lastKnownFileType = file.storyboard; name = Base; path = Base.lproj/LaunchScreen.storyboard; sourceTree = "<group>"; };
		9351F44523CA061F009239C5 /* Info.plist */ = {isa = PBXFileReference; lastKnownFileType = text.plist.xml; path = Info.plist; sourceTree = "<group>"; };
		9351F44623CA061F009239C5 /* main.m */ = {isa = PBXFileReference; lastKnownFileType = sourcecode.c.objc; path = main.m; sourceTree = "<group>"; };
		93BF2A812405666500096672 /* List.m */ = {isa = PBXFileReference; fileEncoding = 4; lastKnownFileType = sourcecode.c.objc; path = List.m; sourceTree = "<group>"; };
		93BF2A822405666500096672 /* LinkNode.h */ = {isa = PBXFileReference; fileEncoding = 4; lastKnownFileType = sourcecode.c.h; path = LinkNode.h; sourceTree = "<group>"; };
		93BF2A832405666500096672 /* LinkedList.h */ = {isa = PBXFileReference; fileEncoding = 4; lastKnownFileType = sourcecode.c.h; path = LinkedList.h; sourceTree = "<group>"; };
		93BF2A842405666500096672 /* Queue.m */ = {isa = PBXFileReference; fileEncoding = 4; lastKnownFileType = sourcecode.c.objc; path = Queue.m; sourceTree = "<group>"; };
		93BF2A852405666500096672 /* AbstractList.m */ = {isa = PBXFileReference; fileEncoding = 4; lastKnownFileType = sourcecode.c.objc; path = AbstractList.m; sourceTree = "<group>"; };
		93BF2A862405666500096672 /* List.h */ = {isa = PBXFileReference; fileEncoding = 4; lastKnownFileType = sourcecode.c.h; path = List.h; sourceTree = "<group>"; };
		93BF2A872405666500096672 /* LinkNode.m */ = {isa = PBXFileReference; fileEncoding = 4; lastKnownFileType = sourcecode.c.objc; path = LinkNode.m; sourceTree = "<group>"; };
		93BF2A882405666500096672 /* AbstractList.h */ = {isa = PBXFileReference; fileEncoding = 4; lastKnownFileType = sourcecode.c.h; path = AbstractList.h; sourceTree = "<group>"; };
		93BF2A892405666500096672 /* Queue.h */ = {isa = PBXFileReference; fileEncoding = 4; lastKnownFileType = sourcecode.c.h; path = Queue.h; sourceTree = "<group>"; };
		93BF2A8A2405666500096672 /* LinkedList.m */ = {isa = PBXFileReference; fileEncoding = 4; lastKnownFileType = sourcecode.c.objc; path = LinkedList.m; sourceTree = "<group>"; };
		93BF2A912405667000096672 /* RBNode.m */ = {isa = PBXFileReference; fileEncoding = 4; lastKnownFileType = sourcecode.c.objc; path = RBNode.m; sourceTree = "<group>"; };
		93BF2A922405667000096672 /* RBTree.m */ = {isa = PBXFileReference; fileEncoding = 4; lastKnownFileType = sourcecode.c.objc; path = RBTree.m; sourceTree = "<group>"; };
		93BF2A932405667000096672 /* BBST.m */ = {isa = PBXFileReference; fileEncoding = 4; lastKnownFileType = sourcecode.c.objc; path = BBST.m; sourceTree = "<group>"; };
		93BF2A942405667000096672 /* BST.m */ = {isa = PBXFileReference; fileEncoding = 4; lastKnownFileType = sourcecode.c.objc; path = BST.m; sourceTree = "<group>"; };
		93BF2A952405667000096672 /* BinarySearchTree.m */ = {isa = PBXFileReference; fileEncoding = 4; lastKnownFileType = sourcecode.c.objc; path = BinarySearchTree.m; sourceTree = "<group>"; };
		93BF2A962405667000096672 /* TreeNode.m */ = {isa = PBXFileReference; fileEncoding = 4; lastKnownFileType = sourcecode.c.objc; path = TreeNode.m; sourceTree = "<group>"; };
		93BF2A972405667000096672 /* AVLTree.m */ = {isa = PBXFileReference; fileEncoding = 4; lastKnownFileType = sourcecode.c.objc; path = AVLTree.m; sourceTree = "<group>"; };
		93BF2A982405667000096672 /* AVLNode.m */ = {isa = PBXFileReference; fileEncoding = 4; lastKnownFileType = sourcecode.c.objc; path = AVLNode.m; sourceTree = "<group>"; };
		93BF2A992405667000096672 /* BST.h */ = {isa = PBXFileReference; fileEncoding = 4; lastKnownFileType = sourcecode.c.h; path = BST.h; sourceTree = "<group>"; };
		93BF2A9A2405667000096672 /* BBST.h */ = {isa = PBXFileReference; fileEncoding = 4; lastKnownFileType = sourcecode.c.h; path = BBST.h; sourceTree = "<group>"; };
		93BF2A9B2405667000096672 /* RBTree.h */ = {isa = PBXFileReference; fileEncoding = 4; lastKnownFileType = sourcecode.c.h; path = RBTree.h; sourceTree = "<group>"; };
		93BF2A9C2405667000096672 /* RBNode.h */ = {isa = PBXFileReference; fileEncoding = 4; lastKnownFileType = sourcecode.c.h; path = RBNode.h; sourceTree = "<group>"; };
		93BF2A9D2405667000096672 /* TreeNode.h */ = {isa = PBXFileReference; fileEncoding = 4; lastKnownFileType = sourcecode.c.h; path = TreeNode.h; sourceTree = "<group>"; };
		93BF2A9E2405667000096672 /* BinarySearchTree.h */ = {isa = PBXFileReference; fileEncoding = 4; lastKnownFileType = sourcecode.c.h; path = BinarySearchTree.h; sourceTree = "<group>"; };
		93BF2A9F2405667000096672 /* AVLNode.h */ = {isa = PBXFileReference; fileEncoding = 4; lastKnownFileType = sourcecode.c.h; path = AVLNode.h; sourceTree = "<group>"; };
		93BF2AA02405667000096672 /* AVLTree.h */ = {isa = PBXFileReference; fileEncoding = 4; lastKnownFileType = sourcecode.c.h; path = AVLTree.h; sourceTree = "<group>"; };
/* End PBXFileReference section */

/* Begin PBXFrameworksBuildPhase section */
		9351F43123CA061E009239C5 /* Frameworks */ = {
			isa = PBXFrameworksBuildPhase;
			buildActionMask = 2147483647;
			files = (
			);
			runOnlyForDeploymentPostprocessing = 0;
		};
/* End PBXFrameworksBuildPhase section */

/* Begin PBXGroup section */
		9351F42B23CA061E009239C5 = {
			isa = PBXGroup;
			children = (
				9351F43623CA061E009239C5 /* 12_RedBlackTree */,
				9351F43523CA061E009239C5 /* Products */,
			);
			sourceTree = "<group>";
		};
		9351F43523CA061E009239C5 /* Products */ = {
			isa = PBXGroup;
			children = (
				9351F43423CA061E009239C5 /* 12_RedBlackTree.app */,
			);
			name = Products;
			sourceTree = "<group>";
		};
		9351F43623CA061E009239C5 /* 12_RedBlackTree */ = {
			isa = PBXGroup;
			children = (
				93BF2A902405667000096672 /* Tree */,
				93BF2A802405666500096672 /* List */,
				9351F43723CA061E009239C5 /* AppDelegate.h */,
				9351F43823CA061E009239C5 /* AppDelegate.m */,
				9351F43A23CA061E009239C5 /* ViewController.h */,
				9351F43B23CA061E009239C5 /* ViewController.m */,
				9351F43D23CA061E009239C5 /* Main.storyboard */,
				9351F44023CA061F009239C5 /* Assets.xcassets */,
				9351F44223CA061F009239C5 /* LaunchScreen.storyboard */,
				9351F44523CA061F009239C5 /* Info.plist */,
				9351F44623CA061F009239C5 /* main.m */,
			);
			path = 12_RedBlackTree;
			sourceTree = "<group>";
		};
		93BF2A802405666500096672 /* List */ = {
			isa = PBXGroup;
			children = (
				93BF2A812405666500096672 /* List.m */,
				93BF2A822405666500096672 /* LinkNode.h */,
				93BF2A832405666500096672 /* LinkedList.h */,
				93BF2A842405666500096672 /* Queue.m */,
				93BF2A852405666500096672 /* AbstractList.m */,
				93BF2A862405666500096672 /* List.h */,
				93BF2A872405666500096672 /* LinkNode.m */,
				93BF2A882405666500096672 /* AbstractList.h */,
				93BF2A892405666500096672 /* Queue.h */,
				93BF2A8A2405666500096672 /* LinkedList.m */,
			);
			path = List;
			sourceTree = "<group>";
		};
		93BF2A902405667000096672 /* Tree */ = {
			isa = PBXGroup;
			children = (
				93BF2A912405667000096672 /* RBNode.m */,
				93BF2A922405667000096672 /* RBTree.m */,
				93BF2A932405667000096672 /* BBST.m */,
				93BF2A942405667000096672 /* BST.m */,
				93BF2A952405667000096672 /* BinarySearchTree.m */,
				93BF2A962405667000096672 /* TreeNode.m */,
				93BF2A972405667000096672 /* AVLTree.m */,
				93BF2A982405667000096672 /* AVLNode.m */,
				93BF2A992405667000096672 /* BST.h */,
				93BF2A9A2405667000096672 /* BBST.h */,
				93BF2A9B2405667000096672 /* RBTree.h */,
				93BF2A9C2405667000096672 /* RBNode.h */,
				93BF2A9D2405667000096672 /* TreeNode.h */,
				93BF2A9E2405667000096672 /* BinarySearchTree.h */,
				93BF2A9F2405667000096672 /* AVLNode.h */,
				93BF2AA02405667000096672 /* AVLTree.h */,
			);
			path = Tree;
			sourceTree = "<group>";
		};
/* End PBXGroup section */

/* Begin PBXNativeTarget section */
		9351F43323CA061E009239C5 /* 12_RedBlackTree */ = {
			isa = PBXNativeTarget;
			buildConfigurationList = 9351F44A23CA061F009239C5 /* Build configuration list for PBXNativeTarget "12_RedBlackTree" */;
			buildPhases = (
				9351F43023CA061E009239C5 /* Sources */,
				9351F43123CA061E009239C5 /* Frameworks */,
				9351F43223CA061E009239C5 /* Resources */,
			);
			buildRules = (
			);
			dependencies = (
			);
			name = 12_RedBlackTree;
			productName = 12_RedBlackTree;
			productReference = 9351F43423CA061E009239C5 /* 12_RedBlackTree.app */;
			productType = "com.apple.product-type.application";
		};
/* End PBXNativeTarget section */

/* Begin PBXProject section */
		9351F42C23CA061E009239C5 /* Project object */ = {
			isa = PBXProject;
			attributes = {
				LastUpgradeCheck = 1010;
				ORGANIZATIONNAME = wenwen;
				TargetAttributes = {
					9351F43323CA061E009239C5 = {
						CreatedOnToolsVersion = 10.1;
					};
				};
			};
			buildConfigurationList = 9351F42F23CA061E009239C5 /* Build configuration list for PBXProject "12_RedBlackTree" */;
			compatibilityVersion = "Xcode 9.3";
			developmentRegion = en;
			hasScannedForEncodings = 0;
			knownRegions = (
				en,
				Base,
			);
			mainGroup = 9351F42B23CA061E009239C5;
			productRefGroup = 9351F43523CA061E009239C5 /* Products */;
			projectDirPath = "";
			projectRoot = "";
			targets = (
				9351F43323CA061E009239C5 /* 12_RedBlackTree */,
			);
		};
/* End PBXProject section */

/* Begin PBXResourcesBuildPhase section */
		9351F43223CA061E009239C5 /* Resources */ = {
			isa = PBXResourcesBuildPhase;
			buildActionMask = 2147483647;
			files = (
				9351F44423CA061F009239C5 /* LaunchScreen.storyboard in Resources */,
				9351F44123CA061F009239C5 /* Assets.xcassets in Resources */,
				9351F43F23CA061E009239C5 /* Main.storyboard in Resources */,
			);
			runOnlyForDeploymentPostprocessing = 0;
		};
/* End PBXResourcesBuildPhase section */

/* Begin PBXSourcesBuildPhase section */
		9351F43023CA061E009239C5 /* Sources */ = {
			isa = PBXSourcesBuildPhase;
			buildActionMask = 2147483647;
			files = (
				93BF2AA32405667000096672 /* BBST.m in Sources */,
				93BF2A8C2405666500096672 /* Queue.m in Sources */,
				93BF2A8E2405666500096672 /* LinkNode.m in Sources */,
				93BF2AA72405667000096672 /* AVLTree.m in Sources */,
				93BF2A8F2405666500096672 /* LinkedList.m in Sources */,
				9351F43C23CA061E009239C5 /* ViewController.m in Sources */,
				93BF2A8B2405666500096672 /* List.m in Sources */,
				93BF2AA22405667000096672 /* RBTree.m in Sources */,
				93BF2AA62405667000096672 /* TreeNode.m in Sources */,
				9351F44723CA061F009239C5 /* main.m in Sources */,
				9351F43923CA061E009239C5 /* AppDelegate.m in Sources */,
				93BF2AA42405667000096672 /* BST.m in Sources */,
				93BF2AA12405667000096672 /* RBNode.m in Sources */,
				93BF2AA82405667000096672 /* AVLNode.m in Sources */,
				93BF2AA52405667000096672 /* BinarySearchTree.m in Sources */,
				93BF2A8D2405666500096672 /* AbstractList.m in Sources */,
			);
			runOnlyForDeploymentPostprocessing = 0;
		};
/* End PBXSourcesBuildPhase section */

/* Begin PBXVariantGroup section */
		9351F43D23CA061E009239C5 /* Main.storyboard */ = {
			isa = PBXVariantGroup;
			children = (
				9351F43E23CA061E009239C5 /* Base */,
			);
			name = Main.storyboard;
			sourceTree = "<group>";
		};
		9351F44223CA061F009239C5 /* LaunchScreen.storyboard */ = {
			isa = PBXVariantGroup;
			children = (
				9351F44323CA061F009239C5 /* Base */,
			);
			name = LaunchScreen.storyboard;
			sourceTree = "<group>";
		};
/* End PBXVariantGroup section */

/* Begin XCBuildConfiguration section */
		9351F44823CA061F009239C5 /* Debug */ = {
			isa = XCBuildConfiguration;
			buildSettings = {
				ALWAYS_SEARCH_USER_PATHS = NO;
				CLANG_ANALYZER_NONNULL = YES;
				CLANG_ANALYZER_NUMBER_OBJECT_CONVERSION = YES_AGGRESSIVE;
				CLANG_CXX_LANGUAGE_STANDARD = "gnu++14";
				CLANG_CXX_LIBRARY = "libc++";
				CLANG_ENABLE_MODULES = YES;
				CLANG_ENABLE_OBJC_ARC = YES;
				CLANG_ENABLE_OBJC_WEAK = YES;
				CLANG_WARN_BLOCK_CAPTURE_AUTORELEASING = YES;
				CLANG_WARN_BOOL_CONVERSION = YES;
				CLANG_WARN_COMMA = YES;
				CLANG_WARN_CONSTANT_CONVERSION = YES;
				CLANG_WARN_DEPRECATED_OBJC_IMPLEMENTATIONS = YES;
				CLANG_WARN_DIRECT_OBJC_ISA_USAGE = YES_ERROR;
				CLANG_WARN_DOCUMENTATION_COMMENTS = YES;
				CLANG_WARN_EMPTY_BODY = YES;
				CLANG_WARN_ENUM_CONVERSION = YES;
				CLANG_WARN_INFINITE_RECURSION = YES;
				CLANG_WARN_INT_CONVERSION = YES;
				CLANG_WARN_NON_LITERAL_NULL_CONVERSION = YES;
				CLANG_WARN_OBJC_IMPLICIT_RETAIN_SELF = YES;
				CLANG_WARN_OBJC_LITERAL_CONVERSION = YES;
				CLANG_WARN_OBJC_ROOT_CLASS = YES_ERROR;
				CLANG_WARN_RANGE_LOOP_ANALYSIS = YES;
				CLANG_WARN_STRICT_PROTOTYPES = YES;
				CLANG_WARN_SUSPICIOUS_MOVE = YES;
				CLANG_WARN_UNGUARDED_AVAILABILITY = YES_AGGRESSIVE;
				CLANG_WARN_UNREACHABLE_CODE = YES;
				CLANG_WARN__DUPLICATE_METHOD_MATCH = YES;
				CODE_SIGN_IDENTITY = "iPhone Developer";
				COPY_PHASE_STRIP = NO;
				DEBUG_INFORMATION_FORMAT = dwarf;
				ENABLE_STRICT_OBJC_MSGSEND = YES;
				ENABLE_TESTABILITY = YES;
				GCC_C_LANGUAGE_STANDARD = gnu11;
				GCC_DYNAMIC_NO_PIC = NO;
				GCC_NO_COMMON_BLOCKS = YES;
				GCC_OPTIMIZATION_LEVEL = 0;
				GCC_PREPROCESSOR_DEFINITIONS = (
					"DEBUG=1",
					"$(inherited)",
				);
				GCC_WARN_64_TO_32_BIT_CONVERSION = YES;
				GCC_WARN_ABOUT_RETURN_TYPE = YES_ERROR;
				GCC_WARN_UNDECLARED_SELECTOR = YES;
				GCC_WARN_UNINITIALIZED_AUTOS = YES_AGGRESSIVE;
				GCC_WARN_UNUSED_FUNCTION = YES;
				GCC_WARN_UNUSED_VARIABLE = YES;
				IPHONEOS_DEPLOYMENT_TARGET = 12.1;
				MTL_ENABLE_DEBUG_INFO = INCLUDE_SOURCE;
				MTL_FAST_MATH = YES;
				ONLY_ACTIVE_ARCH = YES;
				SDKROOT = iphoneos;
			};
			name = Debug;
		};
		9351F44923CA061F009239C5 /* Release */ = {
			isa = XCBuildConfiguration;
			buildSettings = {
				ALWAYS_SEARCH_USER_PATHS = NO;
				CLANG_ANALYZER_NONNULL = YES;
				CLANG_ANALYZER_NUMBER_OBJECT_CONVERSION = YES_AGGRESSIVE;
				CLANG_CXX_LANGUAGE_STANDARD = "gnu++14";
				CLANG_CXX_LIBRARY = "libc++";
				CLANG_ENABLE_MODULES = YES;
				CLANG_ENABLE_OBJC_ARC = YES;
				CLANG_ENABLE_OBJC_WEAK = YES;
				CLANG_WARN_BLOCK_CAPTURE_AUTORELEASING = YES;
				CLANG_WARN_BOOL_CONVERSION = YES;
				CLANG_WARN_COMMA = YES;
				CLANG_WARN_CONSTANT_CONVERSION = YES;
				CLANG_WARN_DEPRECATED_OBJC_IMPLEMENTATIONS = YES;
				CLANG_WARN_DIRECT_OBJC_ISA_USAGE = YES_ERROR;
				CLANG_WARN_DOCUMENTATION_COMMENTS = YES;
				CLANG_WARN_EMPTY_BODY = YES;
				CLANG_WARN_ENUM_CONVERSION = YES;
				CLANG_WARN_INFINITE_RECURSION = YES;
				CLANG_WARN_INT_CONVERSION = YES;
				CLANG_WARN_NON_LITERAL_NULL_CONVERSION = YES;
				CLANG_WARN_OBJC_IMPLICIT_RETAIN_SELF = YES;
				CLANG_WARN_OBJC_LITERAL_CONVERSION = YES;
				CLANG_WARN_OBJC_ROOT_CLASS = YES_ERROR;
				CLANG_WARN_RANGE_LOOP_ANALYSIS = YES;
				CLANG_WARN_STRICT_PROTOTYPES = YES;
				CLANG_WARN_SUSPICIOUS_MOVE = YES;
				CLANG_WARN_UNGUARDED_AVAILABILITY = YES_AGGRESSIVE;
				CLANG_WARN_UNREACHABLE_CODE = YES;
				CLANG_WARN__DUPLICATE_METHOD_MATCH = YES;
				CODE_SIGN_IDENTITY = "iPhone Developer";
				COPY_PHASE_STRIP = NO;
				DEBUG_INFORMATION_FORMAT = "dwarf-with-dsym";
				ENABLE_NS_ASSERTIONS = NO;
				ENABLE_STRICT_OBJC_MSGSEND = YES;
				GCC_C_LANGUAGE_STANDARD = gnu11;
				GCC_NO_COMMON_BLOCKS = YES;
				GCC_WARN_64_TO_32_BIT_CONVERSION = YES;
				GCC_WARN_ABOUT_RETURN_TYPE = YES_ERROR;
				GCC_WARN_UNDECLARED_SELECTOR = YES;
				GCC_WARN_UNINITIALIZED_AUTOS = YES_AGGRESSIVE;
				GCC_WARN_UNUSED_FUNCTION = YES;
				GCC_WARN_UNUSED_VARIABLE = YES;
				IPHONEOS_DEPLOYMENT_TARGET = 12.1;
				MTL_ENABLE_DEBUG_INFO = NO;
				MTL_FAST_MATH = YES;
				SDKROOT = iphoneos;
				VALIDATE_PRODUCT = YES;
			};
			name = Release;
		};
		9351F44B23CA061F009239C5 /* Debug */ = {
			isa = XCBuildConfiguration;
			buildSettings = {
				ASSETCATALOG_COMPILER_APPICON_NAME = AppIcon;
				CODE_SIGN_STYLE = Automatic;
				INFOPLIST_FILE = 12_RedBlackTree/Info.plist;
				LD_RUNPATH_SEARCH_PATHS = (
					"$(inherited)",
					"@executable_path/Frameworks",
				);
				PRODUCT_BUNDLE_IDENTIFIER = "wenwen.-2-RedBlackTree";
				PRODUCT_NAME = "$(TARGET_NAME)";
				TARGETED_DEVICE_FAMILY = "1,2";
			};
			name = Debug;
		};
		9351F44C23CA061F009239C5 /* Release */ = {
			isa = XCBuildConfiguration;
			buildSettings = {
				ASSETCATALOG_COMPILER_APPICON_NAME = AppIcon;
				CODE_SIGN_STYLE = Automatic;
				INFOPLIST_FILE = 12_RedBlackTree/Info.plist;
				LD_RUNPATH_SEARCH_PATHS = (
					"$(inherited)",
					"@executable_path/Frameworks",
				);
				PRODUCT_BUNDLE_IDENTIFIER = "wenwen.-2-RedBlackTree";
				PRODUCT_NAME = "$(TARGET_NAME)";
				TARGETED_DEVICE_FAMILY = "1,2";
			};
			name = Release;
		};
/* End XCBuildConfiguration section */

/* Begin XCConfigurationList section */
		9351F42F23CA061E009239C5 /* Build configuration list for PBXProject "12_RedBlackTree" */ = {
			isa = XCConfigurationList;
			buildConfigurations = (
				9351F44823CA061F009239C5 /* Debug */,
				9351F44923CA061F009239C5 /* Release */,
			);
			defaultConfigurationIsVisible = 0;
			defaultConfigurationName = Release;
		};
		9351F44A23CA061F009239C5 /* Build configuration list for PBXNativeTarget "12_RedBlackTree" */ = {
			isa = XCConfigurationList;
			buildConfigurations = (
				9351F44B23CA061F009239C5 /* Debug */,
				9351F44C23CA061F009239C5 /* Release */,
			);
			defaultConfigurationIsVisible = 0;
			defaultConfigurationName = Release;
		};
/* End XCConfigurationList section */
	};
	rootObject = 9351F42C23CA061E009239C5 /* Project object */;
}
